
Microsoft Visual Studio Solution File, Format Version 12.00
# Visual Studio Version 16
VisualStudioVersion = 16.0.31702.278
MinimumVisualStudioVersion = 10.0.40219.1
Project("{8BC9CEB8-8B4A-11D0-8D11-00A0C91BC942}") = "Lets'a Go! - Console Platformer", "Lets'a Go! - Console Platformer\Lets'a Go! - Console Platformer.vcxproj", "{744A1B37-DEAC-4159-B5AB-B1BB4024A1F5}"
EndProject
Global
	GlobalSection(SolutionConfigurationPlatforms) = preSolution
		Debug|x64 = Debug|x64
		Debug|x86 = Debug|x86
		Release|x64 = Release|x64
		Release|x86 = Release|x86
	EndGlobalSection
	GlobalSection(ProjectConfigurationPlatforms) = postSolution
		{744A1B37-DEAC-4159-B5AB-B1BB4024A1F5}.Debug|x64.ActiveCfg = Debug|x64
		{744A1B37-DEAC-4159-B5AB-B1BB4024A1F5}.Debug|x64.Build.0 = Debug|x64
		{744A1B37-DEAC-4159-B5AB-B1BB4024A1F5}.Debug|x86.ActiveCfg = Debug|Win32
		{744A1B37-DEAC-4159-B5AB-B1BB4024A1F5}.Debug|x86.Build.0 = Debug|Win32
		{744A1B37-DEAC-4159-B5AB-B1BB4024A1F5}.Release|x64.ActiveCfg = Release|x64
		{744A1B37-DEAC-4159-B5AB-B1BB4024A1F5}.Release|x64.Build.0 = Release|x64
		{744A1B37-DEAC-4159-B5AB-B1BB4024A1F5}.Release|x86.ActiveCfg = Release|Win32
		{744A1B37-DEAC-4159-B5AB-B1BB4024A1F5}.Release|x86.Build.0 = Release|Win32
	EndGlobalSection
	GlobalSection(SolutionProperties) = preSolution
		HideSolutionNode = FALSE
	EndGlobalSection
	GlobalSection(ExtensibilityGlobals) = postSolution
		SolutionGuid = {BD26566D-4204-4E4E-A7B0-D62748D11788}
	EndGlobalSection
EndGlobal
